
Microsoft Visual Studio Solution File, Format Version 12.00
# Visual Studio 15
Project("{FAE04EC0-301F-11D3-BF4B-00C04F79EFBC}") = "Assembly-CSharp", "Assembly-CSharp.csproj", "{B19CEA4C-4209-5DDE-12E7-4DCE12CECF9F}"
EndProject
Global
	GlobalSection(SolutionConfigurationPlatforms) = preSolution
		Debug|Any CPU = Debug|Any CPU
		Release|Any CPU = Release|Any CPU
	EndGlobalSection
	GlobalSection(ProjectConfigurationPlatforms) = postSolution
		{B19CEA4C-4209-5DDE-12E7-4DCE12CECF9F}.Debug|Any CPU.ActiveCfg = Debug|Any CPU
		{B19CEA4C-4209-5DDE-12E7-4DCE12CECF9F}.Debug|Any CPU.Build.0 = Debug|Any CPU
		{B19CEA4C-4209-5DDE-12E7-4DCE12CECF9F}.Release|Any CPU.ActiveCfg = Release|Any CPU
		{B19CEA4C-4209-5DDE-12E7-4DCE12CECF9F}.Release|Any CPU.Build.0 = Release|Any CPU
	EndGlobalSection
	GlobalSection(SolutionProperties) = preSolution
		HideSolutionNode = FALSE
	EndGlobalSection
EndGlobal
